
Microsoft Visual Studio Solution File, Format Version 12.00
# Visual Studio Version 16
VisualStudioVersion = 16.0.30717.126
MinimumVisualStudioVersion = 10.0.40219.1
Project("{FAE04EC0-301F-11D3-BF4B-00C04F79EFBC}") = "Calculator_v2.0", "Calculator_v2.0\Calculator_v2.0.csproj", "{53FF8730-0FAD-456B-A8EA-1A8D9440BBA9}"
EndProject
Project("{FAE04EC0-301F-11D3-BF4B-00C04F79EFBC}") = "TestCalcul", "TestCalcul\TestCalcul.csproj", "{BBB0674D-69A8-47EF-A0B7-CFD2ABDEEC55}"
EndProject
Global
	GlobalSection(SolutionConfigurationPlatforms) = preSolution
		Debug|Any CPU = Debug|Any CPU
		Release|Any CPU = Release|Any CPU
	EndGlobalSection
	GlobalSection(ProjectConfigurationPlatforms) = postSolution
		{53FF8730-0FAD-456B-A8EA-1A8D9440BBA9}.Debug|Any CPU.ActiveCfg = Debug|Any CPU
		{53FF8730-0FAD-456B-A8EA-1A8D9440BBA9}.Debug|Any CPU.Build.0 = Debug|Any CPU
		{53FF8730-0FAD-456B-A8EA-1A8D9440BBA9}.Release|Any CPU.ActiveCfg = Release|Any CPU
		{53FF8730-0FAD-456B-A8EA-1A8D9440BBA9}.Release|Any CPU.Build.0 = Release|Any CPU
		{BBB0674D-69A8-47EF-A0B7-CFD2ABDEEC55}.Debug|Any CPU.ActiveCfg = Debug|Any CPU
		{BBB0674D-69A8-47EF-A0B7-CFD2ABDEEC55}.Debug|Any CPU.Build.0 = Debug|Any CPU
		{BBB0674D-69A8-47EF-A0B7-CFD2ABDEEC55}.Release|Any CPU.ActiveCfg = Release|Any CPU
		{BBB0674D-69A8-47EF-A0B7-CFD2ABDEEC55}.Release|Any CPU.Build.0 = Release|Any CPU
	EndGlobalSection
	GlobalSection(SolutionProperties) = preSolution
		HideSolutionNode = FALSE
	EndGlobalSection
	GlobalSection(ExtensibilityGlobals) = postSolution
		SolutionGuid = {3B802D52-0440-4223-83CD-A041C80277CE}
	EndGlobalSection
EndGlobal
